
Microsoft Visual Studio Solution File, Format Version 12.00
# Visual Studio Version 16
VisualStudioVersion = 16.0.34031.81
MinimumVisualStudioVersion = 10.0.40219.1
Project("{FAE04EC0-301F-11D3-BF4B-00C04F79EFBC}") = "XsiO", "XsiO\XsiO.csproj", "{A744A1BB-733C-4C52-B1A9-BE5701734475}"
EndProject
Global
	GlobalSection(SolutionConfigurationPlatforms) = preSolution
		Debug|Any CPU = Debug|Any CPU
		Release|Any CPU = Release|Any CPU
	EndGlobalSection
	GlobalSection(ProjectConfigurationPlatforms) = postSolution
		{A744A1BB-733C-4C52-B1A9-BE5701734475}.Debug|Any CPU.ActiveCfg = Debug|Any CPU
		{A744A1BB-733C-4C52-B1A9-BE5701734475}.Debug|Any CPU.Build.0 = Debug|Any CPU
		{A744A1BB-733C-4C52-B1A9-BE5701734475}.Release|Any CPU.ActiveCfg = Release|Any CPU
		{A744A1BB-733C-4C52-B1A9-BE5701734475}.Release|Any CPU.Build.0 = Release|Any CPU
	EndGlobalSection
	GlobalSection(SolutionProperties) = preSolution
		HideSolutionNode = FALSE
	EndGlobalSection
	GlobalSection(ExtensibilityGlobals) = postSolution
		SolutionGuid = {B9C6770E-1838-4C08-9625-A0469D88BC97}
	EndGlobalSection
EndGlobal
